// !$*UTF8*$!
{
	archiveVersion = 1;
	classes = {
	};
	objectVersion = 77;
	objects = {

/* Begin PBXBuildFile section */
		0CDC9B264B69FD50023D155C /* KeyboardLayoutTests.swift in Sources */ = {isa = PBXBuildFile; fileRef = A64C81DFA8F0101C1F6F42E7 /* KeyboardLayoutTests.swift */; };
		0F7C0B5D76DD96DFAEB8D7C7 /* BindingView.swift in Sources */ = {isa = PBXBuildFile; fileRef = 1CABE48C4A03FA5502C2F6BA /* BindingView.swift */; };
		1CC0D59ADB5B5A7C68E92D5A /* KeyboardEditorView.swift in Sources */ = {isa = PBXBuildFile; fileRef = 45C983C7A4BCCCD170037BF6 /* KeyboardEditorView.swift */; };
		3298BA15E16197662BBB6001 /* RelayClientTests.swift in Sources */ = {isa = PBXBuildFile; fileRef = 89B5F92116FB1677274807C0 /* RelayClientTests.swift */; };
		389311B858DD67E639324700 /* TerminalWebAssets.swift in Sources */ = {isa = PBXBuildFile; fileRef = 955D4FC9179E299BD56F3B12 /* TerminalWebAssets.swift */; };
		426D7DA0EE272E7339055A1E /* GeneratedProtocolTests.swift in Sources */ = {isa = PBXBuildFile; fileRef = 4A526C06035CE4471C80385A /* GeneratedProtocolTests.swift */; };
		449C91355A781E026BAF984F /* TerminalKeyboardView.swift in Sources */ = {isa = PBXBuildFile; fileRef = 1DA4BC5C21B403293850D317 /* TerminalKeyboardView.swift */; };
		44EB40EA00CCA34658AB7B42 /* E2EEnvelope.swift in Sources */ = {isa = PBXBuildFile; fileRef = 6BA8D37DC1C1FC9573920E2C /* E2EEnvelope.swift */; };
		47EF55C59B330A80EA627F65 /* AppModel.swift in Sources */ = {isa = PBXBuildFile; fileRef = 07C32F7596AC4204FE7DB41B /* AppModel.swift */; };
		4C480F86E8BFF673CFDE4C63 /* RootView.swift in Sources */ = {isa = PBXBuildFile; fileRef = 8105D658D50E1B394E3AB00A /* RootView.swift */; };
		4EB286295CD8654DB306ED98 /* Models.swift in Sources */ = {isa = PBXBuildFile; fileRef = 70813C9517C8F1A1F13E1C14 /* Models.swift */; };
		54FF5080CE2C76FF5C623369 /* QRCodeScannerTests.swift in Sources */ = {isa = PBXBuildFile; fileRef = B5D1B481F65C35C8D16435E8 /* QRCodeScannerTests.swift */; };
		5DBB4D10326790A9A5FF0855 /* nudge.pb.swift in Sources */ = {isa = PBXBuildFile; fileRef = 5021D590E9A47BEB56AD3F59 /* nudge.pb.swift */; };
		612BE89E5B908A40931AA2B8 /* PhoneIdentity.swift in Sources */ = {isa = PBXBuildFile; fileRef = BFC367395E42690D0611FD4F /* PhoneIdentity.swift */; };
		6758744DDCF7029C9BAFC794 /* TerminalWebAssetsTests.swift in Sources */ = {isa = PBXBuildFile; fileRef = AB01709288152649A72DFD88 /* TerminalWebAssetsTests.swift */; };
		6FD47E14D5279F536578AE24 /* TerminalWorkspaceView.swift in Sources */ = {isa = PBXBuildFile; fileRef = C61A08C3A08CD7E1EF4B084A /* TerminalWorkspaceView.swift */; };
		820FDE26D6F3F8D74FF189EE /* BindingClaimTests.swift in Sources */ = {isa = PBXBuildFile; fileRef = 2BD25D30B9728BEF5E8004B5 /* BindingClaimTests.swift */; };
		8C35BD888DAD31F6C0366AC3 /* TerminalWeb in Resources */ = {isa = PBXBuildFile; fileRef = 797737148932E9AA78D25D28 /* TerminalWeb */; };
		8D2F7752386B10368E39FDF3 /* Theme.swift in Sources */ = {isa = PBXBuildFile; fileRef = 4F2796E3389136D2C7E5D1AA /* Theme.swift */; };
		9E24FCC57E5E2A9AA8445119 /* PhoneIdentityTests.swift in Sources */ = {isa = PBXBuildFile; fileRef = 72EEB4CE1133BF3C2ED7D481 /* PhoneIdentityTests.swift */; };
		BE81CFE143A05AFB1DB4BA6B /* KeyboardLayout.swift in Sources */ = {isa = PBXBuildFile; fileRef = 358DB0D0191E14A124C10E6B /* KeyboardLayout.swift */; };
		C4B0DFA4033C2778AA93F38E /* NudgeMobileApp.swift in Sources */ = {isa = PBXBuildFile; fileRef = 11E3E50F1EBB993FC56A7E0E /* NudgeMobileApp.swift */; };
		CF2D270FE4634E7763E0BE4B /* AppModelKeyboardTests.swift in Sources */ = {isa = PBXBuildFile; fileRef = 7DC6A8CEDAE88D494044A53F /* AppModelKeyboardTests.swift */; };
		D4A97771F116110C00BD24ED /* SwiftProtobuf in Frameworks */ = {isa = PBXBuildFile; productRef = 790C864167909B16544404A0 /* SwiftProtobuf */; };
		D6067C999B0ABAA0140521C7 /* RelayClient.swift in Sources */ = {isa = PBXBuildFile; fileRef = D10AF18E563CC33C4E1FFBC2 /* RelayClient.swift */; };
		DE490C12270A810549FF7DD5 /* QRCodeScannerView.swift in Sources */ = {isa = PBXBuildFile; fileRef = A6981535CC9741519F80F820 /* QRCodeScannerView.swift */; };
		DF94358231F40AEC8B848CEE /* E2EEnvelopeTests.swift in Sources */ = {isa = PBXBuildFile; fileRef = D990E73A9E6DBBEC0F8A6389 /* E2EEnvelopeTests.swift */; };
		EEB17C61BFA56E527F0FB30C /* BindingDraftTests.swift in Sources */ = {isa = PBXBuildFile; fileRef = 5176396EFFD6E84B7038953C /* BindingDraftTests.swift */; };
/* End PBXBuildFile section */

/* Begin PBXContainerItemProxy section */
		105FDB483D5359208981243A /* PBXContainerItemProxy */ = {
			isa = PBXContainerItemProxy;
			containerPortal = 72F48C90F7E1500D9EA943AB /* Project object */;
			proxyType = 1;
			remoteGlobalIDString = 9D942D81D9771D33E630188E;
			remoteInfo = NudgeMobile;
		};
/* End PBXContainerItemProxy section */

/* Begin PBXFileReference section */
		07C32F7596AC4204FE7DB41B /* AppModel.swift */ = {isa = PBXFileReference; lastKnownFileType = sourcecode.swift; path = AppModel.swift; sourceTree = "<group>"; };
		11E3E50F1EBB993FC56A7E0E /* NudgeMobileApp.swift */ = {isa = PBXFileReference; lastKnownFileType = sourcecode.swift; path = NudgeMobileApp.swift; sourceTree = "<group>"; };
		1CABE48C4A03FA5502C2F6BA /* BindingView.swift */ = {isa = PBXFileReference; lastKnownFileType = sourcecode.swift; path = BindingView.swift; sourceTree = "<group>"; };
		1DA4BC5C21B403293850D317 /* TerminalKeyboardView.swift */ = {isa = PBXFileReference; lastKnownFileType = sourcecode.swift; path = TerminalKeyboardView.swift; sourceTree = "<group>"; };
		28E67E144FAD016DC3DC7F64 /* Info.plist */ = {isa = PBXFileReference; lastKnownFileType = text.plist; path = Info.plist; sourceTree = "<group>"; };
		2BD25D30B9728BEF5E8004B5 /* BindingClaimTests.swift */ = {isa = PBXFileReference; lastKnownFileType = sourcecode.swift; path = BindingClaimTests.swift; sourceTree = "<group>"; };
		358DB0D0191E14A124C10E6B /* KeyboardLayout.swift */ = {isa = PBXFileReference; lastKnownFileType = sourcecode.swift; path = KeyboardLayout.swift; sourceTree = "<group>"; };
		45C983C7A4BCCCD170037BF6 /* KeyboardEditorView.swift */ = {isa = PBXFileReference; lastKnownFileType = sourcecode.swift; path = KeyboardEditorView.swift; sourceTree = "<group>"; };
		4A526C06035CE4471C80385A /* GeneratedProtocolTests.swift */ = {isa = PBXFileReference; lastKnownFileType = sourcecode.swift; path = GeneratedProtocolTests.swift; sourceTree = "<group>"; };
		4F2796E3389136D2C7E5D1AA /* Theme.swift */ = {isa = PBXFileReference; lastKnownFileType = sourcecode.swift; path = Theme.swift; sourceTree = "<group>"; };
		5021D590E9A47BEB56AD3F59 /* nudge.pb.swift */ = {isa = PBXFileReference; lastKnownFileType = sourcecode.swift; path = nudge.pb.swift; sourceTree = "<group>"; };
		5176396EFFD6E84B7038953C /* BindingDraftTests.swift */ = {isa = PBXFileReference; lastKnownFileType = sourcecode.swift; path = BindingDraftTests.swift; sourceTree = "<group>"; };
		6BA8D37DC1C1FC9573920E2C /* E2EEnvelope.swift */ = {isa = PBXFileReference; lastKnownFileType = sourcecode.swift; path = E2EEnvelope.swift; sourceTree = "<group>"; };
		70813C9517C8F1A1F13E1C14 /* Models.swift */ = {isa = PBXFileReference; lastKnownFileType = sourcecode.swift; path = Models.swift; sourceTree = "<group>"; };
		72EEB4CE1133BF3C2ED7D481 /* PhoneIdentityTests.swift */ = {isa = PBXFileReference; lastKnownFileType = sourcecode.swift; path = PhoneIdentityTests.swift; sourceTree = "<group>"; };
		76FC0F6746DA7E92153CCFE2 /* NudgeMobileTests.xctest */ = {isa = PBXFileReference; includeInIndex = 0; lastKnownFileType = wrapper.cfbundle; path = NudgeMobileTests.xctest; sourceTree = BUILT_PRODUCTS_DIR; };
		797737148932E9AA78D25D28 /* TerminalWeb */ = {isa = PBXFileReference; lastKnownFileType = folder; name = TerminalWeb; path = NudgeMobile/Resources/TerminalWeb; sourceTree = SOURCE_ROOT; };
		7DC6A8CEDAE88D494044A53F /* AppModelKeyboardTests.swift */ = {isa = PBXFileReference; lastKnownFileType = sourcecode.swift; path = AppModelKeyboardTests.swift; sourceTree = "<group>"; };
		8105D658D50E1B394E3AB00A /* RootView.swift */ = {isa = PBXFileReference; lastKnownFileType = sourcecode.swift; path = RootView.swift; sourceTree = "<group>"; };
		89B5F92116FB1677274807C0 /* RelayClientTests.swift */ = {isa = PBXFileReference; lastKnownFileType = sourcecode.swift; path = RelayClientTests.swift; sourceTree = "<group>"; };
		955D4FC9179E299BD56F3B12 /* TerminalWebAssets.swift */ = {isa = PBXFileReference; lastKnownFileType = sourcecode.swift; path = TerminalWebAssets.swift; sourceTree = "<group>"; };
		A64C81DFA8F0101C1F6F42E7 /* KeyboardLayoutTests.swift */ = {isa = PBXFileReference; lastKnownFileType = sourcecode.swift; path = KeyboardLayoutTests.swift; sourceTree = "<group>"; };
		A6981535CC9741519F80F820 /* QRCodeScannerView.swift */ = {isa = PBXFileReference; lastKnownFileType = sourcecode.swift; path = QRCodeScannerView.swift; sourceTree = "<group>"; };
		AB01709288152649A72DFD88 /* TerminalWebAssetsTests.swift */ = {isa = PBXFileReference; lastKnownFileType = sourcecode.swift; path = TerminalWebAssetsTests.swift; sourceTree = "<group>"; };
		B5D1B481F65C35C8D16435E8 /* QRCodeScannerTests.swift */ = {isa = PBXFileReference; lastKnownFileType = sourcecode.swift; path = QRCodeScannerTests.swift; sourceTree = "<group>"; };
		BFC367395E42690D0611FD4F /* PhoneIdentity.swift */ = {isa = PBXFileReference; lastKnownFileType = sourcecode.swift; path = PhoneIdentity.swift; sourceTree = "<group>"; };
		C61A08C3A08CD7E1EF4B084A /* TerminalWorkspaceView.swift */ = {isa = PBXFileReference; lastKnownFileType = sourcecode.swift; path = TerminalWorkspaceView.swift; sourceTree = "<group>"; };
		D10AF18E563CC33C4E1FFBC2 /* RelayClient.swift */ = {isa = PBXFileReference; lastKnownFileType = sourcecode.swift; path = RelayClient.swift; sourceTree = "<group>"; };
		D990E73A9E6DBBEC0F8A6389 /* E2EEnvelopeTests.swift */ = {isa = PBXFileReference; lastKnownFileType = sourcecode.swift; path = E2EEnvelopeTests.swift; sourceTree = "<group>"; };
		E0F0A0C19FD6FA6D396A5323 /* NudgeMobile.app */ = {isa = PBXFileReference; includeInIndex = 0; lastKnownFileType = wrapper.application; path = NudgeMobile.app; sourceTree = BUILT_PRODUCTS_DIR; };
/* End PBXFileReference section */

/* Begin PBXFrameworksBuildPhase section */
		125C7D13402F2AAC071A571B /* Frameworks */ = {
			isa = PBXFrameworksBuildPhase;
			buildActionMask = 2147483647;
			files = (
				D4A97771F116110C00BD24ED /* SwiftProtobuf in Frameworks */,
			);
			runOnlyForDeploymentPostprocessing = 0;
		};
/* End PBXFrameworksBuildPhase section */

/* Begin PBXGroup section */
		0742BF06248724B417970588 /* Products */ = {
			isa = PBXGroup;
			children = (
				E0F0A0C19FD6FA6D396A5323 /* NudgeMobile.app */,
				76FC0F6746DA7E92153CCFE2 /* NudgeMobileTests.xctest */,
			);
			name = Products;
			sourceTree = "<group>";
		};
		0CE73D6E33CB4D348D7D09CB /* NudgeMobileTests */ = {
			isa = PBXGroup;
			children = (
				7DC6A8CEDAE88D494044A53F /* AppModelKeyboardTests.swift */,
				2BD25D30B9728BEF5E8004B5 /* BindingClaimTests.swift */,
				5176396EFFD6E84B7038953C /* BindingDraftTests.swift */,
				D990E73A9E6DBBEC0F8A6389 /* E2EEnvelopeTests.swift */,
				4A526C06035CE4471C80385A /* GeneratedProtocolTests.swift */,
				A64C81DFA8F0101C1F6F42E7 /* KeyboardLayoutTests.swift */,
				72EEB4CE1133BF3C2ED7D481 /* PhoneIdentityTests.swift */,
				B5D1B481F65C35C8D16435E8 /* QRCodeScannerTests.swift */,
				89B5F92116FB1677274807C0 /* RelayClientTests.swift */,
				AB01709288152649A72DFD88 /* TerminalWebAssetsTests.swift */,
			);
			name = NudgeMobileTests;
			path = NudgeMobile/Tests/NudgeMobileTests;
			sourceTree = "<group>";
		};
		2ACA06989E26E0DAECD25AB2 /* Generated */ = {
			isa = PBXGroup;
			children = (
				5021D590E9A47BEB56AD3F59 /* nudge.pb.swift */,
			);
			path = Generated;
			sourceTree = "<group>";
		};
		934BD89E0F450409E12C989B = {
			isa = PBXGroup;
			children = (
				797737148932E9AA78D25D28 /* TerminalWeb */,
				2ACA06989E26E0DAECD25AB2 /* Generated */,
				AE2C3D0940BD0BB597A41FC9 /* NudgeMobile */,
				0CE73D6E33CB4D348D7D09CB /* NudgeMobileTests */,
				0742BF06248724B417970588 /* Products */,
			);
			sourceTree = "<group>";
		};
		AE2C3D0940BD0BB597A41FC9 /* NudgeMobile */ = {
			isa = PBXGroup;
			children = (
				07C32F7596AC4204FE7DB41B /* AppModel.swift */,
				1CABE48C4A03FA5502C2F6BA /* BindingView.swift */,
				6BA8D37DC1C1FC9573920E2C /* E2EEnvelope.swift */,
				28E67E144FAD016DC3DC7F64 /* Info.plist */,
				45C983C7A4BCCCD170037BF6 /* KeyboardEditorView.swift */,
				358DB0D0191E14A124C10E6B /* KeyboardLayout.swift */,
				70813C9517C8F1A1F13E1C14 /* Models.swift */,
				11E3E50F1EBB993FC56A7E0E /* NudgeMobileApp.swift */,
				BFC367395E42690D0611FD4F /* PhoneIdentity.swift */,
				A6981535CC9741519F80F820 /* QRCodeScannerView.swift */,
				D10AF18E563CC33C4E1FFBC2 /* RelayClient.swift */,
				8105D658D50E1B394E3AB00A /* RootView.swift */,
				1DA4BC5C21B403293850D317 /* TerminalKeyboardView.swift */,
				955D4FC9179E299BD56F3B12 /* TerminalWebAssets.swift */,
				C61A08C3A08CD7E1EF4B084A /* TerminalWorkspaceView.swift */,
				4F2796E3389136D2C7E5D1AA /* Theme.swift */,
			);
			name = NudgeMobile;
			path = NudgeMobile/Sources/NudgeMobile;
			sourceTree = "<group>";
		};
/* End PBXGroup section */

/* Begin PBXNativeTarget section */
		4C6E22E8B65857C198484407 /* NudgeMobileTests */ = {
			isa = PBXNativeTarget;
			buildConfigurationList = 4F9814430B6BFC08E4F54918 /* Build configuration list for PBXNativeTarget "NudgeMobileTests" */;
			buildPhases = (
				96CEF171472D037390EC5902 /* Sources */,
			);
			buildRules = (
			);
			dependencies = (
				9D8F4E3F467AF7063E9918EB /* PBXTargetDependency */,
			);
			name = NudgeMobileTests;
			packageProductDependencies = (
			);
			productName = NudgeMobileTests;
			productReference = 76FC0F6746DA7E92153CCFE2 /* NudgeMobileTests.xctest */;
			productType = "com.apple.product-type.bundle.unit-test";
		};
		9D942D81D9771D33E630188E /* NudgeMobile */ = {
			isa = PBXNativeTarget;
			buildConfigurationList = 5BEDDB4ACAB4E0801507C84F /* Build configuration list for PBXNativeTarget "NudgeMobile" */;
			buildPhases = (
				EF22A09C5DBB60F4BA3A2691 /* Sources */,
				203CD353EB82786ED21D1427 /* Resources */,
				125C7D13402F2AAC071A571B /* Frameworks */,
			);
			buildRules = (
			);
			dependencies = (
			);
			name = NudgeMobile;
			packageProductDependencies = (
				790C864167909B16544404A0 /* SwiftProtobuf */,
			);
			productName = NudgeMobile;
			productReference = E0F0A0C19FD6FA6D396A5323 /* NudgeMobile.app */;
			productType = "com.apple.product-type.application";
		};
/* End PBXNativeTarget section */

/* Begin PBXProject section */
		72F48C90F7E1500D9EA943AB /* Project object */ = {
			isa = PBXProject;
			attributes = {
				BuildIndependentTargetsInParallel = YES;
				LastUpgradeCheck = 1430;
				TargetAttributes = {
				};
			};
			buildConfigurationList = 9E0348C2060845034A59BF47 /* Build configuration list for PBXProject "NudgeMobile" */;
			developmentRegion = en;
			hasScannedForEncodings = 0;
			knownRegions = (
				Base,
				en,
			);
			mainGroup = 934BD89E0F450409E12C989B;
			minimizedProjectReferenceProxies = 1;
			packageReferences = (
				A2B6333EAEDD5A420EB035C9 /* XCRemoteSwiftPackageReference "swift-protobuf" */,
			);
			preferredProjectObjectVersion = 77;
			productRefGroup = 0742BF06248724B417970588 /* Products */;
			projectDirPath = "";
			projectRoot = "";
			targets = (
				9D942D81D9771D33E630188E /* NudgeMobile */,
				4C6E22E8B65857C198484407 /* NudgeMobileTests */,
			);
		};
/* End PBXProject section */

/* Begin PBXResourcesBuildPhase section */
		203CD353EB82786ED21D1427 /* Resources */ = {
			isa = PBXResourcesBuildPhase;
			buildActionMask = 2147483647;
			files = (
				8C35BD888DAD31F6C0366AC3 /* TerminalWeb in Resources */,
			);
			runOnlyForDeploymentPostprocessing = 0;
		};
/* End PBXResourcesBuildPhase section */

/* Begin PBXSourcesBuildPhase section */
		96CEF171472D037390EC5902 /* Sources */ = {
			isa = PBXSourcesBuildPhase;
			buildActionMask = 2147483647;
			files = (
				CF2D270FE4634E7763E0BE4B /* AppModelKeyboardTests.swift in Sources */,
				820FDE26D6F3F8D74FF189EE /* BindingClaimTests.swift in Sources */,
				EEB17C61BFA56E527F0FB30C /* BindingDraftTests.swift in Sources */,
				DF94358231F40AEC8B848CEE /* E2EEnvelopeTests.swift in Sources */,
				426D7DA0EE272E7339055A1E /* GeneratedProtocolTests.swift in Sources */,
				0CDC9B264B69FD50023D155C /* KeyboardLayoutTests.swift in Sources */,
				9E24FCC57E5E2A9AA8445119 /* PhoneIdentityTests.swift in Sources */,
				54FF5080CE2C76FF5C623369 /* QRCodeScannerTests.swift in Sources */,
				3298BA15E16197662BBB6001 /* RelayClientTests.swift in Sources */,
				6758744DDCF7029C9BAFC794 /* TerminalWebAssetsTests.swift in Sources */,
			);
			runOnlyForDeploymentPostprocessing = 0;
		};
		EF22A09C5DBB60F4BA3A2691 /* Sources */ = {
			isa = PBXSourcesBuildPhase;
			buildActionMask = 2147483647;
			files = (
				47EF55C59B330A80EA627F65 /* AppModel.swift in Sources */,
				0F7C0B5D76DD96DFAEB8D7C7 /* BindingView.swift in Sources */,
				44EB40EA00CCA34658AB7B42 /* E2EEnvelope.swift in Sources */,
				1CC0D59ADB5B5A7C68E92D5A /* KeyboardEditorView.swift in Sources */,
				BE81CFE143A05AFB1DB4BA6B /* KeyboardLayout.swift in Sources */,
				4EB286295CD8654DB306ED98 /* Models.swift in Sources */,
				C4B0DFA4033C2778AA93F38E /* NudgeMobileApp.swift in Sources */,
				612BE89E5B908A40931AA2B8 /* PhoneIdentity.swift in Sources */,
				DE490C12270A810549FF7DD5 /* QRCodeScannerView.swift in Sources */,
				D6067C999B0ABAA0140521C7 /* RelayClient.swift in Sources */,
				4C480F86E8BFF673CFDE4C63 /* RootView.swift in Sources */,
				449C91355A781E026BAF984F /* TerminalKeyboardView.swift in Sources */,
				389311B858DD67E639324700 /* TerminalWebAssets.swift in Sources */,
				6FD47E14D5279F536578AE24 /* TerminalWorkspaceView.swift in Sources */,
				8D2F7752386B10368E39FDF3 /* Theme.swift in Sources */,
				5DBB4D10326790A9A5FF0855 /* nudge.pb.swift in Sources */,
			);
			runOnlyForDeploymentPostprocessing = 0;
		};
/* End PBXSourcesBuildPhase section */

/* Begin PBXTargetDependency section */
		9D8F4E3F467AF7063E9918EB /* PBXTargetDependency */ = {
			isa = PBXTargetDependency;
			target = 9D942D81D9771D33E630188E /* NudgeMobile */;
			targetProxy = 105FDB483D5359208981243A /* PBXContainerItemProxy */;
		};
/* End PBXTargetDependency section */

/* Begin XCBuildConfiguration section */
		4E7249F9AAA16E5DC9BAD0F0 /* Debug */ = {
			isa = XCBuildConfiguration;
			buildSettings = {
				ALWAYS_SEARCH_USER_PATHS = NO;
				CLANG_ANALYZER_NONNULL = YES;
				CLANG_ANALYZER_NUMBER_OBJECT_CONVERSION = YES_AGGRESSIVE;
				CLANG_CXX_LANGUAGE_STANDARD = "gnu++14";
				CLANG_CXX_LIBRARY = "libc++";
				CLANG_ENABLE_MODULES = YES;
				CLANG_ENABLE_OBJC_ARC = YES;
				CLANG_ENABLE_OBJC_WEAK = YES;
				CLANG_WARN_BLOCK_CAPTURE_AUTORELEASING = YES;
				CLANG_WARN_BOOL_CONVERSION = YES;
				CLANG_WARN_COMMA = YES;
				CLANG_WARN_CONSTANT_CONVERSION = YES;
				CLANG_WARN_DEPRECATED_OBJC_IMPLEMENTATIONS = YES;
				CLANG_WARN_DIRECT_OBJC_ISA_USAGE = YES_ERROR;
				CLANG_WARN_DOCUMENTATION_COMMENTS = YES;
				CLANG_WARN_EMPTY_BODY = YES;
				CLANG_WARN_ENUM_CONVERSION = YES;
				CLANG_WARN_INFINITE_RECURSION = YES;
				CLANG_WARN_INT_CONVERSION = YES;
				CLANG_WARN_NON_LITERAL_NULL_CONVERSION = YES;
				CLANG_WARN_OBJC_IMPLICIT_RETAIN_SELF = YES;
				CLANG_WARN_OBJC_LITERAL_CONVERSION = YES;
				CLANG_WARN_OBJC_ROOT_CLASS = YES_ERROR;
				CLANG_WARN_QUOTED_INCLUDE_IN_FRAMEWORK_HEADER = YES;
				CLANG_WARN_RANGE_LOOP_ANALYSIS = YES;
				CLANG_WARN_STRICT_PROTOTYPES = YES;
				CLANG_WARN_SUSPICIOUS_MOVE = YES;
				CLANG_WARN_UNGUARDED_AVAILABILITY = YES_AGGRESSIVE;
				CLANG_WARN_UNREACHABLE_CODE = YES;
				CLANG_WARN__DUPLICATE_METHOD_MATCH = YES;
				COPY_PHASE_STRIP = NO;
				DEBUG_INFORMATION_FORMAT = dwarf;
				ENABLE_STRICT_OBJC_MSGSEND = YES;
				ENABLE_TESTABILITY = YES;
				GCC_C_LANGUAGE_STANDARD = gnu11;
				GCC_DYNAMIC_NO_PIC = NO;
				GCC_NO_COMMON_BLOCKS = YES;
				GCC_OPTIMIZATION_LEVEL = 0;
				GCC_PREPROCESSOR_DEFINITIONS = (
					"$(inherited)",
					"DEBUG=1",
				);
				GCC_WARN_64_TO_32_BIT_CONVERSION = YES;
				GCC_WARN_ABOUT_RETURN_TYPE = YES_ERROR;
				GCC_WARN_UNDECLARED_SELECTOR = YES;
				GCC_WARN_UNINITIALIZED_AUTOS = YES_AGGRESSIVE;
				GCC_WARN_UNUSED_FUNCTION = YES;
				GCC_WARN_UNUSED_VARIABLE = YES;
				IPHONEOS_DEPLOYMENT_TARGET = 17.0;
				MTL_ENABLE_DEBUG_INFO = INCLUDE_SOURCE;
				MTL_FAST_MATH = YES;
				ONLY_ACTIVE_ARCH = YES;
				PRODUCT_NAME = "$(TARGET_NAME)";
				SDKROOT = iphoneos;
				SWIFT_ACTIVE_COMPILATION_CONDITIONS = DEBUG;
				SWIFT_OPTIMIZATION_LEVEL = "-Onone";
				SWIFT_VERSION = 6.0;
			};
			name = Debug;
		};
		73C71E907FC0DD1959719D8E /* Debug */ = {
			isa = XCBuildConfiguration;
			buildSettings = {
				ASSETCATALOG_COMPILER_APPICON_NAME = AppIcon;
				CODE_SIGN_IDENTITY = "iPhone Developer";
				INFOPLIST_FILE = NudgeMobile/Sources/NudgeMobile/Info.plist;
				LD_RUNPATH_SEARCH_PATHS = (
					"$(inherited)",
					"@executable_path/Frameworks",
				);
				PRODUCT_BUNDLE_IDENTIFIER = dev.nudgecode.NudgeMobile;
				PRODUCT_MODULE_NAME = NudgeMobile;
				PRODUCT_NAME = NudgeMobile;
				SDKROOT = iphoneos;
				TARGETED_DEVICE_FAMILY = "1,2";
			};
			name = Debug;
		};
		CE6AAB96ABEF1DFE324C5FA2 /* Release */ = {
			isa = XCBuildConfiguration;
			buildSettings = {
				ALWAYS_SEARCH_USER_PATHS = NO;
				CLANG_ANALYZER_NONNULL = YES;
				CLANG_ANALYZER_NUMBER_OBJECT_CONVERSION = YES_AGGRESSIVE;
				CLANG_CXX_LANGUAGE_STANDARD = "gnu++14";
				CLANG_CXX_LIBRARY = "libc++";
				CLANG_ENABLE_MODULES = YES;
				CLANG_ENABLE_OBJC_ARC = YES;
				CLANG_ENABLE_OBJC_WEAK = YES;
				CLANG_WARN_BLOCK_CAPTURE_AUTORELEASING = YES;
				CLANG_WARN_BOOL_CONVERSION = YES;
				CLANG_WARN_COMMA = YES;
				CLANG_WARN_CONSTANT_CONVERSION = YES;
				CLANG_WARN_DEPRECATED_OBJC_IMPLEMENTATIONS = YES;
				CLANG_WARN_DIRECT_OBJC_ISA_USAGE = YES_ERROR;
				CLANG_WARN_DOCUMENTATION_COMMENTS = YES;
				CLANG_WARN_EMPTY_BODY = YES;
				CLANG_WARN_ENUM_CONVERSION = YES;
				CLANG_WARN_INFINITE_RECURSION = YES;
				CLANG_WARN_INT_CONVERSION = YES;
				CLANG_WARN_NON_LITERAL_NULL_CONVERSION = YES;
				CLANG_WARN_OBJC_IMPLICIT_RETAIN_SELF = YES;
				CLANG_WARN_OBJC_LITERAL_CONVERSION = YES;
				CLANG_WARN_OBJC_ROOT_CLASS = YES_ERROR;
				CLANG_WARN_QUOTED_INCLUDE_IN_FRAMEWORK_HEADER = YES;
				CLANG_WARN_RANGE_LOOP_ANALYSIS = YES;
				CLANG_WARN_STRICT_PROTOTYPES = YES;
				CLANG_WARN_SUSPICIOUS_MOVE = YES;
				CLANG_WARN_UNGUARDED_AVAILABILITY = YES_AGGRESSIVE;
				CLANG_WARN_UNREACHABLE_CODE = YES;
				CLANG_WARN__DUPLICATE_METHOD_MATCH = YES;
				COPY_PHASE_STRIP = NO;
				DEBUG_INFORMATION_FORMAT = "dwarf-with-dsym";
				ENABLE_NS_ASSERTIONS = NO;
				ENABLE_STRICT_OBJC_MSGSEND = YES;
				GCC_C_LANGUAGE_STANDARD = gnu11;
				GCC_NO_COMMON_BLOCKS = YES;
				GCC_WARN_64_TO_32_BIT_CONVERSION = YES;
				GCC_WARN_ABOUT_RETURN_TYPE = YES_ERROR;
				GCC_WARN_UNDECLARED_SELECTOR = YES;
				GCC_WARN_UNINITIALIZED_AUTOS = YES_AGGRESSIVE;
				GCC_WARN_UNUSED_FUNCTION = YES;
				GCC_WARN_UNUSED_VARIABLE = YES;
				IPHONEOS_DEPLOYMENT_TARGET = 17.0;
				MTL_ENABLE_DEBUG_INFO = NO;
				MTL_FAST_MATH = YES;
				PRODUCT_NAME = "$(TARGET_NAME)";
				SDKROOT = iphoneos;
				SWIFT_COMPILATION_MODE = wholemodule;
				SWIFT_OPTIMIZATION_LEVEL = "-O";
				SWIFT_VERSION = 6.0;
			};
			name = Release;
		};
		D340B56E94AE660AB0057404 /* Debug */ = {
			isa = XCBuildConfiguration;
			buildSettings = {
				BUNDLE_LOADER = "$(TEST_HOST)";
				GENERATE_INFOPLIST_FILE = YES;
				LD_RUNPATH_SEARCH_PATHS = (
					"$(inherited)",
					"@executable_path/Frameworks",
					"@loader_path/Frameworks",
				);
				PRODUCT_BUNDLE_IDENTIFIER = dev.nudgecode.NudgeMobileTests;
				SDKROOT = iphoneos;
				TARGETED_DEVICE_FAMILY = "1,2";
				TEST_HOST = "$(BUILT_PRODUCTS_DIR)/NudgeMobile.app/NudgeMobile";
			};
			name = Debug;
		};
		E2360571741FB00826F6FE8C /* Release */ = {
			isa = XCBuildConfiguration;
			buildSettings = {
				BUNDLE_LOADER = "$(TEST_HOST)";
				GENERATE_INFOPLIST_FILE = YES;
				LD_RUNPATH_SEARCH_PATHS = (
					"$(inherited)",
					"@executable_path/Frameworks",
					"@loader_path/Frameworks",
				);
				PRODUCT_BUNDLE_IDENTIFIER = dev.nudgecode.NudgeMobileTests;
				SDKROOT = iphoneos;
				TARGETED_DEVICE_FAMILY = "1,2";
				TEST_HOST = "$(BUILT_PRODUCTS_DIR)/NudgeMobile.app/NudgeMobile";
			};
			name = Release;
		};
		F937C9F41FE881338FC6CA7F /* Release */ = {
			isa = XCBuildConfiguration;
			buildSettings = {
				ASSETCATALOG_COMPILER_APPICON_NAME = AppIcon;
				CODE_SIGN_IDENTITY = "iPhone Developer";
				INFOPLIST_FILE = NudgeMobile/Sources/NudgeMobile/Info.plist;
				LD_RUNPATH_SEARCH_PATHS = (
					"$(inherited)",
					"@executable_path/Frameworks",
				);
				PRODUCT_BUNDLE_IDENTIFIER = dev.nudgecode.NudgeMobile;
				PRODUCT_MODULE_NAME = NudgeMobile;
				PRODUCT_NAME = NudgeMobile;
				SDKROOT = iphoneos;
				TARGETED_DEVICE_FAMILY = "1,2";
			};
			name = Release;
		};
/* End XCBuildConfiguration section */

/* Begin XCConfigurationList section */
		4F9814430B6BFC08E4F54918 /* Build configuration list for PBXNativeTarget "NudgeMobileTests" */ = {
			isa = XCConfigurationList;
			buildConfigurations = (
				D340B56E94AE660AB0057404 /* Debug */,
				E2360571741FB00826F6FE8C /* Release */,
			);
			defaultConfigurationIsVisible = 0;
			defaultConfigurationName = Debug;
		};
		5BEDDB4ACAB4E0801507C84F /* Build configuration list for PBXNativeTarget "NudgeMobile" */ = {
			isa = XCConfigurationList;
			buildConfigurations = (
				73C71E907FC0DD1959719D8E /* Debug */,
				F937C9F41FE881338FC6CA7F /* Release */,
			);
			defaultConfigurationIsVisible = 0;
			defaultConfigurationName = Debug;
		};
		9E0348C2060845034A59BF47 /* Build configuration list for PBXProject "NudgeMobile" */ = {
			isa = XCConfigurationList;
			buildConfigurations = (
				4E7249F9AAA16E5DC9BAD0F0 /* Debug */,
				CE6AAB96ABEF1DFE324C5FA2 /* Release */,
			);
			defaultConfigurationIsVisible = 0;
			defaultConfigurationName = Debug;
		};
/* End XCConfigurationList section */

/* Begin XCRemoteSwiftPackageReference section */
		A2B6333EAEDD5A420EB035C9 /* XCRemoteSwiftPackageReference "swift-protobuf" */ = {
			isa = XCRemoteSwiftPackageReference;
			repositoryURL = "https://github.com/apple/swift-protobuf.git";
			requirement = {
				kind = upToNextMajorVersion;
				minimumVersion = 1.38.0;
			};
		};
/* End XCRemoteSwiftPackageReference section */

/* Begin XCSwiftPackageProductDependency section */
		790C864167909B16544404A0 /* SwiftProtobuf */ = {
			isa = XCSwiftPackageProductDependency;
			package = A2B6333EAEDD5A420EB035C9 /* XCRemoteSwiftPackageReference "swift-protobuf" */;
			productName = SwiftProtobuf;
		};
/* End XCSwiftPackageProductDependency section */
	};
	rootObject = 72F48C90F7E1500D9EA943AB /* Project object */;
}
